
Microsoft Visual Studio Solution File, Format Version 12.00
# Visual Studio Version 16
VisualStudioVersion = 16.0.31019.35
MinimumVisualStudioVersion = 10.0.40219.1
Project("{FAE04EC0-301F-11D3-BF4B-00C04F79EFBC}") = "Employee Details", "Employee Details\Employee Details.csproj", "{8ECF20C9-378F-4D30-BB8F-2544CFF36DE0}"
EndProject
Global
	GlobalSection(SolutionConfigurationPlatforms) = preSolution
		Debug|Any CPU = Debug|Any CPU
		Release|Any CPU = Release|Any CPU
	EndGlobalSection
	GlobalSection(ProjectConfigurationPlatforms) = postSolution
		{8ECF20C9-378F-4D30-BB8F-2544CFF36DE0}.Debug|Any CPU.ActiveCfg = Debug|Any CPU
		{8ECF20C9-378F-4D30-BB8F-2544CFF36DE0}.Debug|Any CPU.Build.0 = Debug|Any CPU
		{8ECF20C9-378F-4D30-BB8F-2544CFF36DE0}.Release|Any CPU.ActiveCfg = Release|Any CPU
		{8ECF20C9-378F-4D30-BB8F-2544CFF36DE0}.Release|Any CPU.Build.0 = Release|Any CPU
	EndGlobalSection
	GlobalSection(SolutionProperties) = preSolution
		HideSolutionNode = FALSE
	EndGlobalSection
	GlobalSection(ExtensibilityGlobals) = postSolution
		SolutionGuid = {DDF82D99-9807-40ED-9841-DE1AD7A27C69}
	EndGlobalSection
EndGlobal
